GEM
  remote: https://rubygems.org/
  specs:
    drb (2.2.3)
    minitest (6.0.6)
      drb (~> 2.0)
      prism (~> 1.5)
    prism (1.9.0)
    simplecov (1.1.1)

PLATFORMS
  arm64-darwin-25
  ruby

DEPENDENCIES
  minitest
  simplecov (~> 1.1)

CHECKSUMS
  drb (2.2.3) sha256=0b00d6fdb50995fe4a45dea13663493c841112e4068656854646f418fda13373
  minitest (6.0.6) sha256=153ea36d1d987a62942382b61075745042a2b3123b1cd48f4c3675af9cc7d6f1
  prism (1.9.0) sha256=7b530c6a9f92c24300014919c9dcbc055bf4cdf51ec30aed099b06cd6674ef85
  simplecov (1.1.1) sha256=25825ef13f0b2e74694d769817dad6ab8e90131dabdaa666e522fea105521e78

BUNDLED WITH
  4.0.10
